
Microsoft Visual Studio Solution File, Format Version 12.00
# Visual Studio Version 17
VisualStudioVersion = 17.0.31903.59
MinimumVisualStudioVersion = 10.0.40219.1
Project("{9A19103F-16F7-4668-BE54-9A1E7A4F7556}") = "Elffy.Engine", "Elffy.Engine\Elffy.Engine.csproj", "{EFA362D3-EFDB-45B7-85EF-B97F14CDBBDF}"
EndProject
Project("{2150E333-8FDC-42A3-9474-1A3956D46DE8}") = "Solution Items", "Solution Items", "{F0C23712-B088-42EB-8B98-0A78462E16FC}"
	ProjectSection(SolutionItems) = preProject
		.editorconfig = .editorconfig
	EndProjectSection
EndProject
Project("{9A19103F-16F7-4668-BE54-9A1E7A4F7556}") = "Elffy.Imaging", "Elffy.Imaging\Elffy.Imaging.csproj", "{27CDE8D4-324C-45CB-B563-DC9754991998}"
EndProject
Project("{9A19103F-16F7-4668-BE54-9A1E7A4F7556}") = "Sandbox", "Sandbox\Sandbox.csproj", "{03E6C1C9-B4CD-44F4-A50C-EEA272E28586}"
EndProject
Project("{9A19103F-16F7-4668-BE54-9A1E7A4F7556}") = "ElffyResourceCompiler", "ElffyResourceCompiler\ElffyResourceCompiler.csproj", "{23C40496-259C-4978-BF4C-9CA3F6617EA1}"
EndProject
Project("{9A19103F-16F7-4668-BE54-9A1E7A4F7556}") = "UnitTest", "UnitTest\UnitTest.csproj", "{6871FA5F-A591-4E02-B914-43AF5CA7A889}"
EndProject
Project("{9A19103F-16F7-4668-BE54-9A1E7A4F7556}") = "Elffy.Games", "Elffy.Games\Elffy.Games.csproj", "{C37CECC7-A291-4AA1-B1BA-C30ABDC3927D}"
EndProject
Project("{9A19103F-16F7-4668-BE54-9A1E7A4F7556}") = "Elffy.Memory", "Elffy.Memory\Elffy.Memory.csproj", "{96B1EDE5-ACE3-4B24-BFB9-DCFA77F0A9C7}"
EndProject
Project("{9A19103F-16F7-4668-BE54-9A1E7A4F7556}") = "UnitTest.Elffy.Memory", "UnitTest.Elffy.Memory\UnitTest.Elffy.Memory.csproj", "{80E7C609-A702-41C8-84BA-55017D574318}"
EndProject
Project("{9A19103F-16F7-4668-BE54-9A1E7A4F7556}") = "Elffy.Generator", "Elffy.Generator\Elffy.Generator.csproj", "{F6B9CED4-7D06-4BBA-A8BC-B69CD992CD30}"
EndProject
Project("{9A19103F-16F7-4668-BE54-9A1E7A4F7556}") = "Elffy.SimpleKit", "Elffy.SimpleKit\Elffy.SimpleKit.csproj", "{56F40F30-E379-471A-B9A8-F491EB04EDFD}"
EndProject
Project("{9A19103F-16F7-4668-BE54-9A1E7A4F7556}") = "Elffy.Serialization", "Elffy.Serialization\Elffy.Serialization.csproj", "{DEBC03A6-0E8D-4F50-9AC9-B970E55E38F8}"
EndProject
Project("{9A19103F-16F7-4668-BE54-9A1E7A4F7556}") = "Elffy.Primitives", "Elffy.Primitives\Elffy.Primitives.csproj", "{816894E0-D92D-41A4-9886-21318F15B0A2}"
EndProject
Project("{9A19103F-16F7-4668-BE54-9A1E7A4F7556}") = "Elffy.Resources", "Elffy.Resources\Elffy.Resources.csproj", "{A757738E-3903-4945-B1CB-9EACEA2AA183}"
EndProject
Project("{9A19103F-16F7-4668-BE54-9A1E7A4F7556}") = "Elffy.Generator.Vertex", "Elffy.Generator.Vertex\Elffy.Generator.Vertex.csproj", "{35A5227D-8D4F-40B7-8CC9-39F3468F4B36}"
EndProject
Project("{9A19103F-16F7-4668-BE54-9A1E7A4F7556}") = "Elffy.Generator.EnumLike", "Elffy.Generator.EnumLike\Elffy.Generator.EnumLike.csproj", "{FBCF51FE-6FF4-42D3-A6E6-215E82901AD1}"
EndProject
Project("{9A19103F-16F7-4668-BE54-9A1E7A4F7556}") = "Elffy.Events", "Elffy.Events\Elffy.Events.csproj", "{9FBBC1D1-F874-4587-B250-30900484D0EF}"
EndProject
Project("{9A19103F-16F7-4668-BE54-9A1E7A4F7556}") = "Benchmarks.Events", "Benchmarks\Benchmarks.Events.csproj", "{C05FD280-2CA7-4847-8B75-A0B576559A4B}"
EndProject
Project("{9A19103F-16F7-4668-BE54-9A1E7A4F7556}") = "Elffy.IO", "Elffy.IO\Elffy.IO.csproj", "{C32B3595-675F-4376-9CF8-66A68C029AD3}"
EndProject
Project("{9A19103F-16F7-4668-BE54-9A1E7A4F7556}") = "Elffy.MeshTools", "Elffy.MeshTools\Elffy.MeshTools.csproj", "{BE9749A3-93C5-4EB6-9918-C7F22B66C122}"
EndProject
Project("{9A19103F-16F7-4668-BE54-9A1E7A4F7556}") = "Elffy.Memory.SmartPtr", "Elffy.Memory.SmartPtr\Elffy.Memory.SmartPtr.csproj", "{2EB3159F-BD89-47DD-A383-F0C7ABBE8F99}"
EndProject
Project("{9A19103F-16F7-4668-BE54-9A1E7A4F7556}") = "Elffy.Containers", "Elffy.Containers\Elffy.Containers.csproj", "{E382B57C-4E50-4426-A6D3-B434C7423689}"
EndProject
Project("{9A19103F-16F7-4668-BE54-9A1E7A4F7556}") = "Elffy.Containers.Primitives", "Elffy.Containers.Primitives\Elffy.Containers.Primitives.csproj", "{31942C7F-727A-4797-A44F-2DF528B558AE}"
EndProject
Project("{9A19103F-16F7-4668-BE54-9A1E7A4F7556}") = "UnitTest.Elffy.Generator.EnumLike", "UnitTest.Elffy.Generator.EnumLike\UnitTest.Elffy.Generator.EnumLike.csproj", "{7136C593-0F00-4D15-9895-F4EC61D8385C}"
EndProject
Project("{9A19103F-16F7-4668-BE54-9A1E7A4F7556}") = "UnitTest.Engine", "UnitTest.Engine\UnitTest.Engine.csproj", "{CB256E24-F911-444A-A825-8CE3624A376C}"
EndProject
Project("{9A19103F-16F7-4668-BE54-9A1E7A4F7556}") = "Elffy.Animations", "Elffy.Animations\Elffy.Animations.csproj", "{8ADE5472-7458-4A4F-8571-E164610B40CE}"
EndProject
Project("{9A19103F-16F7-4668-BE54-9A1E7A4F7556}") = "Elffy.InternalTools", "Elffy.InternalTools\Elffy.InternalTools.csproj", "{90C324FE-C575-4D45-9EC6-DE03F77FBC74}"
EndProject
Global
	GlobalSection(SolutionConfigurationPlatforms) = preSolution
		Debug|Any CPU = Debug|Any CPU
		Debug|x64 = Debug|x64
		Debug|x86 = Debug|x86
		Release|Any CPU = Release|Any CPU
		Release|x64 = Release|x64
		Release|x86 = Release|x86
	EndGlobalSection
	GlobalSection(ProjectConfigurationPlatforms) = postSolution
		{EFA362D3-EFDB-45B7-85EF-B97F14CDBBDF}.Debug|Any CPU.ActiveCfg = Debug|Any CPU
		{EFA362D3-EFDB-45B7-85EF-B97F14CDBBDF}.Debug|Any CPU.Build.0 = Debug|Any CPU
		{EFA362D3-EFDB-45B7-85EF-B97F14CDBBDF}.Debug|x64.ActiveCfg = Debug|Any CPU
		{EFA362D3-EFDB-45B7-85EF-B97F14CDBBDF}.Debug|x64.Build.0 = Debug|Any CPU
		{EFA362D3-EFDB-45B7-85EF-B97F14CDBBDF}.Debug|x86.ActiveCfg = Debug|Any CPU
		{EFA362D3-EFDB-45B7-85EF-B97F14CDBBDF}.Debug|x86.Build.0 = Debug|Any CPU
		{EFA362D3-EFDB-45B7-85EF-B97F14CDBBDF}.Release|Any CPU.ActiveCfg = Release|Any CPU
		{EFA362D3-EFDB-45B7-85EF-B97F14CDBBDF}.Release|Any CPU.Build.0 = Release|Any CPU
		{EFA362D3-EFDB-45B7-85EF-B97F14CDBBDF}.Release|x64.ActiveCfg = Release|Any CPU
		{EFA362D3-EFDB-45B7-85EF-B97F14CDBBDF}.Release|x64.Build.0 = Release|Any CPU
		{EFA362D3-EFDB-45B7-85EF-B97F14CDBBDF}.Release|x86.ActiveCfg = Release|Any CPU
		{EFA362D3-EFDB-45B7-85EF-B97F14CDBBDF}.Release|x86.Build.0 = Release|Any CPU
		{27CDE8D4-324C-45CB-B563-DC9754991998}.Debug|Any CPU.ActiveCfg = Debug|Any CPU
		{27CDE8D4-324C-45CB-B563-DC9754991998}.Debug|Any CPU.Build.0 = Debug|Any CPU
		{27CDE8D4-324C-45CB-B563-DC9754991998}.Debug|x64.ActiveCfg = Debug|Any CPU
		{27CDE8D4-324C-45CB-B563-DC9754991998}.Debug|x64.Build.0 = Debug|Any CPU
		{27CDE8D4-324C-45CB-B563-DC9754991998}.Debug|x86.ActiveCfg = Debug|Any CPU
		{27CDE8D4-324C-45CB-B563-DC9754991998}.Debug|x86.Build.0 = Debug|Any CPU
		{27CDE8D4-324C-45CB-B563-DC9754991998}.Release|Any CPU.ActiveCfg = Release|Any CPU
		{27CDE8D4-324C-45CB-B563-DC9754991998}.Release|Any CPU.Build.0 = Release|Any CPU
		{27CDE8D4-324C-45CB-B563-DC9754991998}.Release|x64.ActiveCfg = Release|Any CPU
		{27CDE8D4-324C-45CB-B563-DC9754991998}.Release|x64.Build.0 = Release|Any CPU
		{27CDE8D4-324C-45CB-B563-DC9754991998}.Release|x86.ActiveCfg = Release|Any CPU
		{27CDE8D4-324C-45CB-B563-DC9754991998}.Release|x86.Build.0 = Release|Any CPU
		{03E6C1C9-B4CD-44F4-A50C-EEA272E28586}.Debug|Any CPU.ActiveCfg = Debug|Any CPU
		{03E6C1C9-B4CD-44F4-A50C-EEA272E28586}.Debug|Any CPU.Build.0 = Debug|Any CPU
		{03E6C1C9-B4CD-44F4-A50C-EEA272E28586}.Debug|x64.ActiveCfg = Debug|Any CPU
		{03E6C1C9-B4CD-44F4-A50C-EEA272E28586}.Debug|x64.Build.0 = Debug|Any CPU
		{03E6C1C9-B4CD-44F4-A50C-EEA272E28586}.Debug|x86.ActiveCfg = Debug|Any CPU
		{03E6C1C9-B4CD-44F4-A50C-EEA272E28586}.Debug|x86.Build.0 = Debug|Any CPU
		{03E6C1C9-B4CD-44F4-A50C-EEA272E28586}.Release|Any CPU.ActiveCfg = Release|Any CPU
		{03E6C1C9-B4CD-44F4-A50C-EEA272E28586}.Release|Any CPU.Build.0 = Release|Any CPU
		{03E6C1C9-B4CD-44F4-A50C-EEA272E28586}.Release|x64.ActiveCfg = Release|Any CPU
		{03E6C1C9-B4CD-44F4-A50C-EEA272E28586}.Release|x64.Build.0 = Release|Any CPU
		{03E6C1C9-B4CD-44F4-A50C-EEA272E28586}.Release|x86.ActiveCfg = Release|Any CPU
		{03E6C1C9-B4CD-44F4-A50C-EEA272E28586}.Release|x86.Build.0 = Release|Any CPU
		{23C40496-259C-4978-BF4C-9CA3F6617EA1}.Debug|Any CPU.ActiveCfg = Debug|Any CPU
		{23C40496-259C-4978-BF4C-9CA3F6617EA1}.Debug|Any CPU.Build.0 = Debug|Any CPU
		{23C40496-259C-4978-BF4C-9CA3F6617EA1}.Debug|x64.ActiveCfg = Debug|Any CPU
		{23C40496-259C-4978-BF4C-9CA3F6617EA1}.Debug|x64.Build.0 = Debug|Any CPU
		{23C40496-259C-4978-BF4C-9CA3F6617EA1}.Debug|x86.ActiveCfg = Debug|Any CPU
		{23C40496-259C-4978-BF4C-9CA3F6617EA1}.Debug|x86.Build.0 = Debug|Any CPU
		{23C40496-259C-4978-BF4C-9CA3F6617EA1}.Release|Any CPU.ActiveCfg = Release|Any CPU
		{23C40496-259C-4978-BF4C-9CA3F6617EA1}.Release|Any CPU.Build.0 = Release|Any CPU
		{23C40496-259C-4978-BF4C-9CA3F6617EA1}.Release|x64.ActiveCfg = Release|Any CPU
		{23C40496-259C-4978-BF4C-9CA3F6617EA1}.Release|x64.Build.0 = Release|Any CPU
		{23C40496-259C-4978-BF4C-9CA3F6617EA1}.Release|x86.ActiveCfg = Release|Any CPU
		{23C40496-259C-4978-BF4C-9CA3F6617EA1}.Release|x86.Build.0 = Release|Any CPU
		{6871FA5F-A591-4E02-B914-43AF5CA7A889}.Debug|Any CPU.ActiveCfg = Debug|Any CPU
		{6871FA5F-A591-4E02-B914-43AF5CA7A889}.Debug|Any CPU.Build.0 = Debug|Any CPU
		{6871FA5F-A591-4E02-B914-43AF5CA7A889}.Debug|x64.ActiveCfg = Debug|Any CPU
		{6871FA5F-A591-4E02-B914-43AF5CA7A889}.Debug|x64.Build.0 = Debug|Any CPU
		{6871FA5F-A591-4E02-B914-43AF5CA7A889}.Debug|x86.ActiveCfg = Debug|Any CPU
		{6871FA5F-A591-4E02-B914-43AF5CA7A889}.Debug|x86.Build.0 = Debug|Any CPU
		{6871FA5F-A591-4E02-B914-43AF5CA7A889}.Release|Any CPU.ActiveCfg = Release|Any CPU
		{6871FA5F-A591-4E02-B914-43AF5CA7A889}.Release|Any CPU.Build.0 = Release|Any CPU
		{6871FA5F-A591-4E02-B914-43AF5CA7A889}.Release|x64.ActiveCfg = Release|Any CPU
		{6871FA5F-A591-4E02-B914-43AF5CA7A889}.Release|x64.Build.0 = Release|Any CPU
		{6871FA5F-A591-4E02-B914-43AF5CA7A889}.Release|x86.ActiveCfg = Release|Any CPU
		{6871FA5F-A591-4E02-B914-43AF5CA7A889}.Release|x86.Build.0 = Release|Any CPU
		{C37CECC7-A291-4AA1-B1BA-C30ABDC3927D}.Debug|Any CPU.ActiveCfg = Debug|Any CPU
		{C37CECC7-A291-4AA1-B1BA-C30ABDC3927D}.Debug|Any CPU.Build.0 = Debug|Any CPU
		{C37CECC7-A291-4AA1-B1BA-C30ABDC3927D}.Debug|x64.ActiveCfg = Debug|Any CPU
		{C37CECC7-A291-4AA1-B1BA-C30ABDC3927D}.Debug|x64.Build.0 = Debug|Any CPU
		{C37CECC7-A291-4AA1-B1BA-C30ABDC3927D}.Debug|x86.ActiveCfg = Debug|Any CPU
		{C37CECC7-A291-4AA1-B1BA-C30ABDC3927D}.Debug|x86.Build.0 = Debug|Any CPU
		{C37CECC7-A291-4AA1-B1BA-C30ABDC3927D}.Release|Any CPU.ActiveCfg = Release|Any CPU
		{C37CECC7-A291-4AA1-B1BA-C30ABDC3927D}.Release|Any CPU.Build.0 = Release|Any CPU
		{C37CECC7-A291-4AA1-B1BA-C30ABDC3927D}.Release|x64.ActiveCfg = Release|Any CPU
		{C37CECC7-A291-4AA1-B1BA-C30ABDC3927D}.Release|x64.Build.0 = Release|Any CPU
		{C37CECC7-A291-4AA1-B1BA-C30ABDC3927D}.Release|x86.ActiveCfg = Release|Any CPU
		{C37CECC7-A291-4AA1-B1BA-C30ABDC3927D}.Release|x86.Build.0 = Release|Any CPU
		{96B1EDE5-ACE3-4B24-BFB9-DCFA77F0A9C7}.Debug|Any CPU.ActiveCfg = Debug|Any CPU
		{96B1EDE5-ACE3-4B24-BFB9-DCFA77F0A9C7}.Debug|Any CPU.Build.0 = Debug|Any CPU
		{96B1EDE5-ACE3-4B24-BFB9-DCFA77F0A9C7}.Debug|x64.ActiveCfg = Debug|Any CPU
		{96B1EDE5-ACE3-4B24-BFB9-DCFA77F0A9C7}.Debug|x64.Build.0 = Debug|Any CPU
		{96B1EDE5-ACE3-4B24-BFB9-DCFA77F0A9C7}.Debug|x86.ActiveCfg = Debug|Any CPU
		{96B1EDE5-ACE3-4B24-BFB9-DCFA77F0A9C7}.Debug|x86.Build.0 = Debug|Any CPU
		{96B1EDE5-ACE3-4B24-BFB9-DCFA77F0A9C7}.Release|Any CPU.ActiveCfg = Release|Any CPU
		{96B1EDE5-ACE3-4B24-BFB9-DCFA77F0A9C7}.Release|Any CPU.Build.0 = Release|Any CPU
		{96B1EDE5-ACE3-4B24-BFB9-DCFA77F0A9C7}.Release|x64.ActiveCfg = Release|Any CPU
		{96B1EDE5-ACE3-4B24-BFB9-DCFA77F0A9C7}.Release|x64.Build.0 = Release|Any CPU
		{96B1EDE5-ACE3-4B24-BFB9-DCFA77F0A9C7}.Release|x86.ActiveCfg = Release|Any CPU
		{96B1EDE5-ACE3-4B24-BFB9-DCFA77F0A9C7}.Release|x86.Build.0 = Release|Any CPU
		{80E7C609-A702-41C8-84BA-55017D574318}.Debug|Any CPU.ActiveCfg = Debug|Any CPU
		{80E7C609-A702-41C8-84BA-55017D574318}.Debug|Any CPU.Build.0 = Debug|Any CPU
		{80E7C609-A702-41C8-84BA-55017D574318}.Debug|x64.ActiveCfg = Debug|Any CPU
		{80E7C609-A702-41C8-84BA-55017D574318}.Debug|x64.Build.0 = Debug|Any CPU
		{80E7C609-A702-41C8-84BA-55017D574318}.Debug|x86.ActiveCfg = Debug|Any CPU
		{80E7C609-A702-41C8-84BA-55017D574318}.Debug|x86.Build.0 = Debug|Any CPU
		{80E7C609-A702-41C8-84BA-55017D574318}.Release|Any CPU.ActiveCfg = Release|Any CPU
		{80E7C609-A702-41C8-84BA-55017D574318}.Release|Any CPU.Build.0 = Release|Any CPU
		{80E7C609-A702-41C8-84BA-55017D574318}.Release|x64.ActiveCfg = Release|Any CPU
		{80E7C609-A702-41C8-84BA-55017D574318}.Release|x64.Build.0 = Release|Any CPU
		{80E7C609-A702-41C8-84BA-55017D574318}.Release|x86.ActiveCfg = Release|Any CPU
		{80E7C609-A702-41C8-84BA-55017D574318}.Release|x86.Build.0 = Release|Any CPU
		{F6B9CED4-7D06-4BBA-A8BC-B69CD992CD30}.Debug|Any CPU.ActiveCfg = Debug|Any CPU
		{F6B9CED4-7D06-4BBA-A8BC-B69CD992CD30}.Debug|Any CPU.Build.0 = Debug|Any CPU
		{F6B9CED4-7D06-4BBA-A8BC-B69CD992CD30}.Debug|x64.ActiveCfg = Debug|Any CPU
		{F6B9CED4-7D06-4BBA-A8BC-B69CD992CD30}.Debug|x64.Build.0 = Debug|Any CPU
		{F6B9CED4-7D06-4BBA-A8BC-B69CD992CD30}.Debug|x86.ActiveCfg = Debug|Any CPU
		{F6B9CED4-7D06-4BBA-A8BC-B69CD992CD30}.Debug|x86.Build.0 = Debug|Any CPU
		{F6B9CED4-7D06-4BBA-A8BC-B69CD992CD30}.Release|Any CPU.ActiveCfg = Release|Any CPU
		{F6B9CED4-7D06-4BBA-A8BC-B69CD992CD30}.Release|Any CPU.Build.0 = Release|Any CPU
		{F6B9CED4-7D06-4BBA-A8BC-B69CD992CD30}.Release|x64.ActiveCfg = Release|Any CPU
		{F6B9CED4-7D06-4BBA-A8BC-B69CD992CD30}.Release|x64.Build.0 = Release|Any CPU
		{F6B9CED4-7D06-4BBA-A8BC-B69CD992CD30}.Release|x86.ActiveCfg = Release|Any CPU
		{F6B9CED4-7D06-4BBA-A8BC-B69CD992CD30}.Release|x86.Build.0 = Release|Any CPU
		{56F40F30-E379-471A-B9A8-F491EB04EDFD}.Debug|Any CPU.ActiveCfg = Debug|Any CPU
		{56F40F30-E379-471A-B9A8-F491EB04EDFD}.Debug|Any CPU.Build.0 = Debug|Any CPU
		{56F40F30-E379-471A-B9A8-F491EB04EDFD}.Debug|x64.ActiveCfg = Debug|Any CPU
		{56F40F30-E379-471A-B9A8-F491EB04EDFD}.Debug|x64.Build.0 = Debug|Any CPU
		{56F40F30-E379-471A-B9A8-F491EB04EDFD}.Debug|x86.ActiveCfg = Debug|Any CPU
		{56F40F30-E379-471A-B9A8-F491EB04EDFD}.Debug|x86.Build.0 = Debug|Any CPU
		{56F40F30-E379-471A-B9A8-F491EB04EDFD}.Release|Any CPU.ActiveCfg = Release|Any CPU
		{56F40F30-E379-471A-B9A8-F491EB04EDFD}.Release|Any CPU.Build.0 = Release|Any CPU
		{56F40F30-E379-471A-B9A8-F491EB04EDFD}.Release|x64.ActiveCfg = Release|Any CPU
		{56F40F30-E379-471A-B9A8-F491EB04EDFD}.Release|x64.Build.0 = Release|Any CPU
		{56F40F30-E379-471A-B9A8-F491EB04EDFD}.Release|x86.ActiveCfg = Release|Any CPU
		{56F40F30-E379-471A-B9A8-F491EB04EDFD}.Release|x86.Build.0 = Release|Any CPU
		{DEBC03A6-0E8D-4F50-9AC9-B970E55E38F8}.Debug|Any CPU.ActiveCfg = Debug|Any CPU
		{DEBC03A6-0E8D-4F50-9AC9-B970E55E38F8}.Debug|Any CPU.Build.0 = Debug|Any CPU
		{DEBC03A6-0E8D-4F50-9AC9-B970E55E38F8}.Debug|x64.ActiveCfg = Debug|Any CPU
		{DEBC03A6-0E8D-4F50-9AC9-B970E55E38F8}.Debug|x64.Build.0 = Debug|Any CPU
		{DEBC03A6-0E8D-4F50-9AC9-B970E55E38F8}.Debug|x86.ActiveCfg = Debug|Any CPU
		{DEBC03A6-0E8D-4F50-9AC9-B970E55E38F8}.Debug|x86.Build.0 = Debug|Any CPU
		{DEBC03A6-0E8D-4F50-9AC9-B970E55E38F8}.Release|Any CPU.ActiveCfg = Release|Any CPU
		{DEBC03A6-0E8D-4F50-9AC9-B970E55E38F8}.Release|Any CPU.Build.0 = Release|Any CPU
		{DEBC03A6-0E8D-4F50-9AC9-B970E55E38F8}.Release|x64.ActiveCfg = Release|Any CPU
		{DEBC03A6-0E8D-4F50-9AC9-B970E55E38F8}.Release|x64.Build.0 = Release|Any CPU
		{DEBC03A6-0E8D-4F50-9AC9-B970E55E38F8}.Release|x86.ActiveCfg = Release|Any CPU
		{DEBC03A6-0E8D-4F50-9AC9-B970E55E38F8}.Release|x86.Build.0 = Release|Any CPU
		{816894E0-D92D-41A4-9886-21318F15B0A2}.Debug|Any CPU.ActiveCfg = Debug|Any CPU
		{816894E0-D92D-41A4-9886-21318F15B0A2}.Debug|Any CPU.Build.0 = Debug|Any CPU
		{816894E0-D92D-41A4-9886-21318F15B0A2}.Debug|x64.ActiveCfg = Debug|Any CPU
		{816894E0-D92D-41A4-9886-21318F15B0A2}.Debug|x64.Build.0 = Debug|Any CPU
		{816894E0-D92D-41A4-9886-21318F15B0A2}.Debug|x86.ActiveCfg = Debug|Any CPU
		{816894E0-D92D-41A4-9886-21318F15B0A2}.Debug|x86.Build.0 = Debug|Any CPU
		{816894E0-D92D-41A4-9886-21318F15B0A2}.Release|Any CPU.ActiveCfg = Release|Any CPU
		{816894E0-D92D-41A4-9886-21318F15B0A2}.Release|Any CPU.Build.0 = Release|Any CPU
		{816894E0-D92D-41A4-9886-21318F15B0A2}.Release|x64.ActiveCfg = Release|Any CPU
		{816894E0-D92D-41A4-9886-21318F15B0A2}.Release|x64.Build.0 = Release|Any CPU
		{816894E0-D92D-41A4-9886-21318F15B0A2}.Release|x86.ActiveCfg = Release|Any CPU
		{816894E0-D92D-41A4-9886-21318F15B0A2}.Release|x86.Build.0 = Release|Any CPU
		{A757738E-3903-4945-B1CB-9EACEA2AA183}.Debug|Any CPU.ActiveCfg = Debug|Any CPU
		{A757738E-3903-4945-B1CB-9EACEA2AA183}.Debug|Any CPU.Build.0 = Debug|Any CPU
		{A757738E-3903-4945-B1CB-9EACEA2AA183}.Debug|x64.ActiveCfg = Debug|Any CPU
		{A757738E-3903-4945-B1CB-9EACEA2AA183}.Debug|x64.Build.0 = Debug|Any CPU
		{A757738E-3903-4945-B1CB-9EACEA2AA183}.Debug|x86.ActiveCfg = Debug|Any CPU
		{A757738E-3903-4945-B1CB-9EACEA2AA183}.Debug|x86.Build.0 = Debug|Any CPU
		{A757738E-3903-4945-B1CB-9EACEA2AA183}.Release|Any CPU.ActiveCfg = Release|Any CPU
		{A757738E-3903-4945-B1CB-9EACEA2AA183}.Release|Any CPU.Build.0 = Release|Any CPU
		{A757738E-3903-4945-B1CB-9EACEA2AA183}.Release|x64.ActiveCfg = Release|Any CPU
		{A757738E-3903-4945-B1CB-9EACEA2AA183}.Release|x64.Build.0 = Release|Any CPU
		{A757738E-3903-4945-B1CB-9EACEA2AA183}.Release|x86.ActiveCfg = Release|Any CPU
		{A757738E-3903-4945-B1CB-9EACEA2AA183}.Release|x86.Build.0 = Release|Any CPU
		{35A5227D-8D4F-40B7-8CC9-39F3468F4B36}.Debug|Any CPU.ActiveCfg = Debug|Any CPU
		{35A5227D-8D4F-40B7-8CC9-39F3468F4B36}.Debug|Any CPU.Build.0 = Debug|Any CPU
		{35A5227D-8D4F-40B7-8CC9-39F3468F4B36}.Debug|x64.ActiveCfg = Debug|Any CPU
		{35A5227D-8D4F-40B7-8CC9-39F3468F4B36}.Debug|x64.Build.0 = Debug|Any CPU
		{35A5227D-8D4F-40B7-8CC9-39F3468F4B36}.Debug|x86.ActiveCfg = Debug|Any CPU
		{35A5227D-8D4F-40B7-8CC9-39F3468F4B36}.Debug|x86.Build.0 = Debug|Any CPU
		{35A5227D-8D4F-40B7-8CC9-39F3468F4B36}.Release|Any CPU.ActiveCfg = Release|Any CPU
		{35A5227D-8D4F-40B7-8CC9-39F3468F4B36}.Release|Any CPU.Build.0 = Release|Any CPU
		{35A5227D-8D4F-40B7-8CC9-39F3468F4B36}.Release|x64.ActiveCfg = Release|Any CPU
		{35A5227D-8D4F-40B7-8CC9-39F3468F4B36}.Release|x64.Build.0 = Release|Any CPU
		{35A5227D-8D4F-40B7-8CC9-39F3468F4B36}.Release|x86.ActiveCfg = Release|Any CPU
		{35A5227D-8D4F-40B7-8CC9-39F3468F4B36}.Release|x86.Build.0 = Release|Any CPU
		{FBCF51FE-6FF4-42D3-A6E6-215E82901AD1}.Debug|Any CPU.ActiveCfg = Debug|Any CPU
		{FBCF51FE-6FF4-42D3-A6E6-215E82901AD1}.Debug|Any CPU.Build.0 = Debug|Any CPU
		{FBCF51FE-6FF4-42D3-A6E6-215E82901AD1}.Debug|x64.ActiveCfg = Debug|Any CPU
		{FBCF51FE-6FF4-42D3-A6E6-215E82901AD1}.Debug|x64.Build.0 = Debug|Any CPU
		{FBCF51FE-6FF4-42D3-A6E6-215E82901AD1}.Debug|x86.ActiveCfg = Debug|Any CPU
		{FBCF51FE-6FF4-42D3-A6E6-215E82901AD1}.Debug|x86.Build.0 = Debug|Any CPU
		{FBCF51FE-6FF4-42D3-A6E6-215E82901AD1}.Release|Any CPU.ActiveCfg = Release|Any CPU
		{FBCF51FE-6FF4-42D3-A6E6-215E82901AD1}.Release|Any CPU.Build.0 = Release|Any CPU
		{FBCF51FE-6FF4-42D3-A6E6-215E82901AD1}.Release|x64.ActiveCfg = Release|Any CPU
		{FBCF51FE-6FF4-42D3-A6E6-215E82901AD1}.Release|x64.Build.0 = Release|Any CPU
		{FBCF51FE-6FF4-42D3-A6E6-215E82901AD1}.Release|x86.ActiveCfg = Release|Any CPU
		{FBCF51FE-6FF4-42D3-A6E6-215E82901AD1}.Release|x86.Build.0 = Release|Any CPU
		{9FBBC1D1-F874-4587-B250-30900484D0EF}.Debug|Any CPU.ActiveCfg = Debug|Any CPU
		{9FBBC1D1-F874-4587-B250-30900484D0EF}.Debug|Any CPU.Build.0 = Debug|Any CPU
		{9FBBC1D1-F874-4587-B250-30900484D0EF}.Debug|x64.ActiveCfg = Debug|Any CPU
		{9FBBC1D1-F874-4587-B250-30900484D0EF}.Debug|x64.Build.0 = Debug|Any CPU
		{9FBBC1D1-F874-4587-B250-30900484D0EF}.Debug|x86.ActiveCfg = Debug|Any CPU
		{9FBBC1D1-F874-4587-B250-30900484D0EF}.Debug|x86.Build.0 = Debug|Any CPU
		{9FBBC1D1-F874-4587-B250-30900484D0EF}.Release|Any CPU.ActiveCfg = Release|Any CPU
		{9FBBC1D1-F874-4587-B250-30900484D0EF}.Release|Any CPU.Build.0 = Release|Any CPU
		{9FBBC1D1-F874-4587-B250-30900484D0EF}.Release|x64.ActiveCfg = Release|Any CPU
		{9FBBC1D1-F874-4587-B250-30900484D0EF}.Release|x64.Build.0 = Release|Any CPU
		{9FBBC1D1-F874-4587-B250-30900484D0EF}.Release|x86.ActiveCfg = Release|Any CPU
		{9FBBC1D1-F874-4587-B250-30900484D0EF}.Release|x86.Build.0 = Release|Any CPU
		{C05FD280-2CA7-4847-8B75-A0B576559A4B}.Debug|Any CPU.ActiveCfg = Debug|Any CPU
		{C05FD280-2CA7-4847-8B75-A0B576559A4B}.Debug|Any CPU.Build.0 = Debug|Any CPU
		{C05FD280-2CA7-4847-8B75-A0B576559A4B}.Debug|x64.ActiveCfg = Debug|Any CPU
		{C05FD280-2CA7-4847-8B75-A0B576559A4B}.Debug|x64.Build.0 = Debug|Any CPU
		{C05FD280-2CA7-4847-8B75-A0B576559A4B}.Debug|x86.ActiveCfg = Debug|Any CPU
		{C05FD280-2CA7-4847-8B75-A0B576559A4B}.Debug|x86.Build.0 = Debug|Any CPU
		{C05FD280-2CA7-4847-8B75-A0B576559A4B}.Release|Any CPU.ActiveCfg = Release|Any CPU
		{C05FD280-2CA7-4847-8B75-A0B576559A4B}.Release|Any CPU.Build.0 = Release|Any CPU
		{C05FD280-2CA7-4847-8B75-A0B576559A4B}.Release|x64.ActiveCfg = Release|Any CPU
		{C05FD280-2CA7-4847-8B75-A0B576559A4B}.Release|x64.Build.0 = Release|Any CPU
		{C05FD280-2CA7-4847-8B75-A0B576559A4B}.Release|x86.ActiveCfg = Release|Any CPU
		{C05FD280-2CA7-4847-8B75-A0B576559A4B}.Release|x86.Build.0 = Release|Any CPU
		{C32B3595-675F-4376-9CF8-66A68C029AD3}.Debug|Any CPU.ActiveCfg = Debug|Any CPU
		{C32B3595-675F-4376-9CF8-66A68C029AD3}.Debug|Any CPU.Build.0 = Debug|Any CPU
		{C32B3595-675F-4376-9CF8-66A68C029AD3}.Debug|x64.ActiveCfg = Debug|Any CPU
		{C32B3595-675F-4376-9CF8-66A68C029AD3}.Debug|x64.Build.0 = Debug|Any CPU
		{C32B3595-675F-4376-9CF8-66A68C029AD3}.Debug|x86.ActiveCfg = Debug|Any CPU
		{C32B3595-675F-4376-9CF8-66A68C029AD3}.Debug|x86.Build.0 = Debug|Any CPU
		{C32B3595-675F-4376-9CF8-66A68C029AD3}.Release|Any CPU.ActiveCfg = Release|Any CPU
		{C32B3595-675F-4376-9CF8-66A68C029AD3}.Release|Any CPU.Build.0 = Release|Any CPU
		{C32B3595-675F-4376-9CF8-66A68C029AD3}.Release|x64.ActiveCfg = Release|Any CPU
		{C32B3595-675F-4376-9CF8-66A68C029AD3}.Release|x64.Build.0 = Release|Any CPU
		{C32B3595-675F-4376-9CF8-66A68C029AD3}.Release|x86.ActiveCfg = Release|Any CPU
		{C32B3595-675F-4376-9CF8-66A68C029AD3}.Release|x86.Build.0 = Release|Any CPU
		{BE9749A3-93C5-4EB6-9918-C7F22B66C122}.Debug|Any CPU.ActiveCfg = Debug|Any CPU
		{BE9749A3-93C5-4EB6-9918-C7F22B66C122}.Debug|Any CPU.Build.0 = Debug|Any CPU
		{BE9749A3-93C5-4EB6-9918-C7F22B66C122}.Debug|x64.ActiveCfg = Debug|Any CPU
		{BE9749A3-93C5-4EB6-9918-C7F22B66C122}.Debug|x64.Build.0 = Debug|Any CPU
		{BE9749A3-93C5-4EB6-9918-C7F22B66C122}.Debug|x86.ActiveCfg = Debug|Any CPU
		{BE9749A3-93C5-4EB6-9918-C7F22B66C122}.Debug|x86.Build.0 = Debug|Any CPU
		{BE9749A3-93C5-4EB6-9918-C7F22B66C122}.Release|Any CPU.ActiveCfg = Release|Any CPU
		{BE9749A3-93C5-4EB6-9918-C7F22B66C122}.Release|Any CPU.Build.0 = Release|Any CPU
		{BE9749A3-93C5-4EB6-9918-C7F22B66C122}.Release|x64.ActiveCfg = Release|Any CPU
		{BE9749A3-93C5-4EB6-9918-C7F22B66C122}.Release|x64.Build.0 = Release|Any CPU
		{BE9749A3-93C5-4EB6-9918-C7F22B66C122}.Release|x86.ActiveCfg = Release|Any CPU
		{BE9749A3-93C5-4EB6-9918-C7F22B66C122}.Release|x86.Build.0 = Release|Any CPU
		{2EB3159F-BD89-47DD-A383-F0C7ABBE8F99}.Debug|Any CPU.ActiveCfg = Debug|Any CPU
		{2EB3159F-BD89-47DD-A383-F0C7ABBE8F99}.Debug|Any CPU.Build.0 = Debug|Any CPU
		{2EB3159F-BD89-47DD-A383-F0C7ABBE8F99}.Debug|x64.ActiveCfg = Debug|Any CPU
		{2EB3159F-BD89-47DD-A383-F0C7ABBE8F99}.Debug|x64.Build.0 = Debug|Any CPU
		{2EB3159F-BD89-47DD-A383-F0C7ABBE8F99}.Debug|x86.ActiveCfg = Debug|Any CPU
		{2EB3159F-BD89-47DD-A383-F0C7ABBE8F99}.Debug|x86.Build.0 = Debug|Any CPU
		{2EB3159F-BD89-47DD-A383-F0C7ABBE8F99}.Release|Any CPU.ActiveCfg = Release|Any CPU
		{2EB3159F-BD89-47DD-A383-F0C7ABBE8F99}.Release|Any CPU.Build.0 = Release|Any CPU
		{2EB3159F-BD89-47DD-A383-F0C7ABBE8F99}.Release|x64.ActiveCfg = Release|Any CPU
		{2EB3159F-BD89-47DD-A383-F0C7ABBE8F99}.Release|x64.Build.0 = Release|Any CPU
		{2EB3159F-BD89-47DD-A383-F0C7ABBE8F99}.Release|x86.ActiveCfg = Release|Any CPU
		{2EB3159F-BD89-47DD-A383-F0C7ABBE8F99}.Release|x86.Build.0 = Release|Any CPU
		{E382B57C-4E50-4426-A6D3-B434C7423689}.Debug|Any CPU.ActiveCfg = Debug|Any CPU
		{E382B57C-4E50-4426-A6D3-B434C7423689}.Debug|Any CPU.Build.0 = Debug|Any CPU
		{E382B57C-4E50-4426-A6D3-B434C7423689}.Debug|x64.ActiveCfg = Debug|Any CPU
		{E382B57C-4E50-4426-A6D3-B434C7423689}.Debug|x64.Build.0 = Debug|Any CPU
		{E382B57C-4E50-4426-A6D3-B434C7423689}.Debug|x86.ActiveCfg = Debug|Any CPU
		{E382B57C-4E50-4426-A6D3-B434C7423689}.Debug|x86.Build.0 = Debug|Any CPU
		{E382B57C-4E50-4426-A6D3-B434C7423689}.Release|Any CPU.ActiveCfg = Release|Any CPU
		{E382B57C-4E50-4426-A6D3-B434C7423689}.Release|Any CPU.Build.0 = Release|Any CPU
		{E382B57C-4E50-4426-A6D3-B434C7423689}.Release|x64.ActiveCfg = Release|Any CPU
		{E382B57C-4E50-4426-A6D3-B434C7423689}.Release|x64.Build.0 = Release|Any CPU
		{E382B57C-4E50-4426-A6D3-B434C7423689}.Release|x86.ActiveCfg = Release|Any CPU
		{E382B57C-4E50-4426-A6D3-B434C7423689}.Release|x86.Build.0 = Release|Any CPU
		{31942C7F-727A-4797-A44F-2DF528B558AE}.Debug|Any CPU.ActiveCfg = Debug|Any CPU
		{31942C7F-727A-4797-A44F-2DF528B558AE}.Debug|Any CPU.Build.0 = Debug|Any CPU
		{31942C7F-727A-4797-A44F-2DF528B558AE}.Debug|x64.ActiveCfg = Debug|Any CPU
		{31942C7F-727A-4797-A44F-2DF528B558AE}.Debug|x64.Build.0 = Debug|Any CPU
		{31942C7F-727A-4797-A44F-2DF528B558AE}.Debug|x86.ActiveCfg = Debug|Any CPU
		{31942C7F-727A-4797-A44F-2DF528B558AE}.Debug|x86.Build.0 = Debug|Any CPU
		{31942C7F-727A-4797-A44F-2DF528B558AE}.Release|Any CPU.ActiveCfg = Release|Any CPU
		{31942C7F-727A-4797-A44F-2DF528B558AE}.Release|Any CPU.Build.0 = Release|Any CPU
		{31942C7F-727A-4797-A44F-2DF528B558AE}.Release|x64.ActiveCfg = Release|Any CPU
		{31942C7F-727A-4797-A44F-2DF528B558AE}.Release|x64.Build.0 = Release|Any CPU
		{31942C7F-727A-4797-A44F-2DF528B558AE}.Release|x86.ActiveCfg = Release|Any CPU
		{31942C7F-727A-4797-A44F-2DF528B558AE}.Release|x86.Build.0 = Release|Any CPU
		{7136C593-0F00-4D15-9895-F4EC61D8385C}.Debug|Any CPU.ActiveCfg = Debug|Any CPU
		{7136C593-0F00-4D15-9895-F4EC61D8385C}.Debug|Any CPU.Build.0 = Debug|Any CPU
		{7136C593-0F00-4D15-9895-F4EC61D8385C}.Debug|x64.ActiveCfg = Debug|Any CPU
		{7136C593-0F00-4D15-9895-F4EC61D8385C}.Debug|x64.Build.0 = Debug|Any CPU
		{7136C593-0F00-4D15-9895-F4EC61D8385C}.Debug|x86.ActiveCfg = Debug|Any CPU
		{7136C593-0F00-4D15-9895-F4EC61D8385C}.Debug|x86.Build.0 = Debug|Any CPU
		{7136C593-0F00-4D15-9895-F4EC61D8385C}.Release|Any CPU.ActiveCfg = Release|Any CPU
		{7136C593-0F00-4D15-9895-F4EC61D8385C}.Release|Any CPU.Build.0 = Release|Any CPU
		{7136C593-0F00-4D15-9895-F4EC61D8385C}.Release|x64.ActiveCfg = Release|Any CPU
		{7136C593-0F00-4D15-9895-F4EC61D8385C}.Release|x64.Build.0 = Release|Any CPU
		{7136C593-0F00-4D15-9895-F4EC61D8385C}.Release|x86.ActiveCfg = Release|Any CPU
		{7136C593-0F00-4D15-9895-F4EC61D8385C}.Release|x86.Build.0 = Release|Any CPU
		{CB256E24-F911-444A-A825-8CE3624A376C}.Debug|Any CPU.ActiveCfg = Debug|Any CPU
		{CB256E24-F911-444A-A825-8CE3624A376C}.Debug|Any CPU.Build.0 = Debug|Any CPU
		{CB256E24-F911-444A-A825-8CE3624A376C}.Debug|x64.ActiveCfg = Debug|Any CPU
		{CB256E24-F911-444A-A825-8CE3624A376C}.Debug|x64.Build.0 = Debug|Any CPU
		{CB256E24-F911-444A-A825-8CE3624A376C}.Debug|x86.ActiveCfg = Debug|Any CPU
		{CB256E24-F911-444A-A825-8CE3624A376C}.Debug|x86.Build.0 = Debug|Any CPU
		{CB256E24-F911-444A-A825-8CE3624A376C}.Release|Any CPU.ActiveCfg = Release|Any CPU
		{CB256E24-F911-444A-A825-8CE3624A376C}.Release|Any CPU.Build.0 = Release|Any CPU
		{CB256E24-F911-444A-A825-8CE3624A376C}.Release|x64.ActiveCfg = Release|Any CPU
		{CB256E24-F911-444A-A825-8CE3624A376C}.Release|x64.Build.0 = Release|Any CPU
		{CB256E24-F911-444A-A825-8CE3624A376C}.Release|x86.ActiveCfg = Release|Any CPU
		{CB256E24-F911-444A-A825-8CE3624A376C}.Release|x86.Build.0 = Release|Any CPU
		{8ADE5472-7458-4A4F-8571-E164610B40CE}.Debug|Any CPU.ActiveCfg = Debug|Any CPU
		{8ADE5472-7458-4A4F-8571-E164610B40CE}.Debug|Any CPU.Build.0 = Debug|Any CPU
		{8ADE5472-7458-4A4F-8571-E164610B40CE}.Debug|x64.ActiveCfg = Debug|Any CPU
		{8ADE5472-7458-4A4F-8571-E164610B40CE}.Debug|x64.Build.0 = Debug|Any CPU
		{8ADE5472-7458-4A4F-8571-E164610B40CE}.Debug|x86.ActiveCfg = Debug|Any CPU
		{8ADE5472-7458-4A4F-8571-E164610B40CE}.Debug|x86.Build.0 = Debug|Any CPU
		{8ADE5472-7458-4A4F-8571-E164610B40CE}.Release|Any CPU.ActiveCfg = Release|Any CPU
		{8ADE5472-7458-4A4F-8571-E164610B40CE}.Release|Any CPU.Build.0 = Release|Any CPU
		{8ADE5472-7458-4A4F-8571-E164610B40CE}.Release|x64.ActiveCfg = Release|Any CPU
		{8ADE5472-7458-4A4F-8571-E164610B40CE}.Release|x64.Build.0 = Release|Any CPU
		{8ADE5472-7458-4A4F-8571-E164610B40CE}.Release|x86.ActiveCfg = Release|Any CPU
		{8ADE5472-7458-4A4F-8571-E164610B40CE}.Release|x86.Build.0 = Release|Any CPU
		{90C324FE-C575-4D45-9EC6-DE03F77FBC74}.Debug|Any CPU.ActiveCfg = Debug|Any CPU
		{90C324FE-C575-4D45-9EC6-DE03F77FBC74}.Debug|Any CPU.Build.0 = Debug|Any CPU
		{90C324FE-C575-4D45-9EC6-DE03F77FBC74}.Debug|x64.ActiveCfg = Debug|Any CPU
		{90C324FE-C575-4D45-9EC6-DE03F77FBC74}.Debug|x64.Build.0 = Debug|Any CPU
		{90C324FE-C575-4D45-9EC6-DE03F77FBC74}.Debug|x86.ActiveCfg = Debug|Any CPU
		{90C324FE-C575-4D45-9EC6-DE03F77FBC74}.Debug|x86.Build.0 = Debug|Any CPU
		{90C324FE-C575-4D45-9EC6-DE03F77FBC74}.Release|Any CPU.ActiveCfg = Release|Any CPU
		{90C324FE-C575-4D45-9EC6-DE03F77FBC74}.Release|Any CPU.Build.0 = Release|Any CPU
		{90C324FE-C575-4D45-9EC6-DE03F77FBC74}.Release|x64.ActiveCfg = Release|Any CPU
		{90C324FE-C575-4D45-9EC6-DE03F77FBC74}.Release|x64.Build.0 = Release|Any CPU
		{90C324FE-C575-4D45-9EC6-DE03F77FBC74}.Release|x86.ActiveCfg = Release|Any CPU
		{90C324FE-C575-4D45-9EC6-DE03F77FBC74}.Release|x86.Build.0 = Release|Any CPU
	EndGlobalSection
	GlobalSection(SolutionProperties) = preSolution
		HideSolutionNode = FALSE
	EndGlobalSection
	GlobalSection(ExtensibilityGlobals) = postSolution
		SolutionGuid = {BCC31F35-9890-4D52-87F2-E72ACB495381}
	EndGlobalSection
EndGlobal
