
Microsoft Visual Studio Solution File, Format Version 12.00
# Visual Studio Version 16
VisualStudioVersion = 16.0.28803.452
MinimumVisualStudioVersion = 10.0.40219.1
Project("{FAE04EC0-301F-11D3-BF4B-00C04F79EFBC}") = "Elffy", "Elffy\Elffy.csproj", "{D1115639-89F4-47A3-81D1-6594FCB2FF78}"
EndProject
Project("{FAE04EC0-301F-11D3-BF4B-00C04F79EFBC}") = "ElffyGame", "ElffyGame\ElffyGame.csproj", "{369ED885-5F80-47C8-8809-9CF4A3A0B105}"
EndProject
Project("{FAE04EC0-301F-11D3-BF4B-00C04F79EFBC}") = "ElffyResourceCompiler", "ElffyResourceCompiler\ElffyResourceCompiler.csproj", "{E3C6EE51-9B98-45DF-9BAE-9453DCC7F849}"
EndProject
Project("{2150E333-8FDC-42A3-9474-1A3956D46DE8}") = "Solution Items", "Solution Items", "{F0C23712-B088-42EB-8B98-0A78462E16FC}"
	ProjectSection(SolutionItems) = preProject
		.editorconfig = .editorconfig
	EndProjectSection
EndProject
Project("{FAE04EC0-301F-11D3-BF4B-00C04F79EFBC}") = "ElffyDev", "ElffyDev\ElffyDev.csproj", "{E7490CDF-8AAC-41D3-9E4B-2F2B7DDBBA53}"
EndProject
Project("{FAE04EC0-301F-11D3-BF4B-00C04F79EFBC}") = "Test", "Test\Test.csproj", "{2E4B8664-1228-4848-B2F5-7596443DA82D}"
EndProject
Project("{FAE04EC0-301F-11D3-BF4B-00C04F79EFBC}") = "DefinitionGenerator", "DefinitionGenerator\DefinitionGenerator.csproj", "{6A9B9549-59FF-4446-990C-F9C58AEFF5D5}"
EndProject
Global
	GlobalSection(SolutionConfigurationPlatforms) = preSolution
		Debug|Any CPU = Debug|Any CPU
		Debug|x64 = Debug|x64
		Debug|x86 = Debug|x86
		Release|Any CPU = Release|Any CPU
		Release|x64 = Release|x64
		Release|x86 = Release|x86
	EndGlobalSection
	GlobalSection(ProjectConfigurationPlatforms) = postSolution
		{D1115639-89F4-47A3-81D1-6594FCB2FF78}.Debug|Any CPU.ActiveCfg = Debug|Any CPU
		{D1115639-89F4-47A3-81D1-6594FCB2FF78}.Debug|Any CPU.Build.0 = Debug|Any CPU
		{D1115639-89F4-47A3-81D1-6594FCB2FF78}.Debug|x64.ActiveCfg = Debug|Any CPU
		{D1115639-89F4-47A3-81D1-6594FCB2FF78}.Debug|x64.Build.0 = Debug|Any CPU
		{D1115639-89F4-47A3-81D1-6594FCB2FF78}.Debug|x86.ActiveCfg = Debug|Any CPU
		{D1115639-89F4-47A3-81D1-6594FCB2FF78}.Debug|x86.Build.0 = Debug|Any CPU
		{D1115639-89F4-47A3-81D1-6594FCB2FF78}.Release|Any CPU.ActiveCfg = Release|Any CPU
		{D1115639-89F4-47A3-81D1-6594FCB2FF78}.Release|Any CPU.Build.0 = Release|Any CPU
		{D1115639-89F4-47A3-81D1-6594FCB2FF78}.Release|x64.ActiveCfg = Release|Any CPU
		{D1115639-89F4-47A3-81D1-6594FCB2FF78}.Release|x64.Build.0 = Release|Any CPU
		{D1115639-89F4-47A3-81D1-6594FCB2FF78}.Release|x86.ActiveCfg = Release|Any CPU
		{D1115639-89F4-47A3-81D1-6594FCB2FF78}.Release|x86.Build.0 = Release|Any CPU
		{369ED885-5F80-47C8-8809-9CF4A3A0B105}.Debug|Any CPU.ActiveCfg = Debug|Any CPU
		{369ED885-5F80-47C8-8809-9CF4A3A0B105}.Debug|Any CPU.Build.0 = Debug|Any CPU
		{369ED885-5F80-47C8-8809-9CF4A3A0B105}.Debug|x64.ActiveCfg = Debug|Any CPU
		{369ED885-5F80-47C8-8809-9CF4A3A0B105}.Debug|x64.Build.0 = Debug|Any CPU
		{369ED885-5F80-47C8-8809-9CF4A3A0B105}.Debug|x86.ActiveCfg = Debug|Any CPU
		{369ED885-5F80-47C8-8809-9CF4A3A0B105}.Debug|x86.Build.0 = Debug|Any CPU
		{369ED885-5F80-47C8-8809-9CF4A3A0B105}.Release|Any CPU.ActiveCfg = Release|Any CPU
		{369ED885-5F80-47C8-8809-9CF4A3A0B105}.Release|Any CPU.Build.0 = Release|Any CPU
		{369ED885-5F80-47C8-8809-9CF4A3A0B105}.Release|x64.ActiveCfg = Release|Any CPU
		{369ED885-5F80-47C8-8809-9CF4A3A0B105}.Release|x64.Build.0 = Release|Any CPU
		{369ED885-5F80-47C8-8809-9CF4A3A0B105}.Release|x86.ActiveCfg = Release|Any CPU
		{369ED885-5F80-47C8-8809-9CF4A3A0B105}.Release|x86.Build.0 = Release|Any CPU
		{E3C6EE51-9B98-45DF-9BAE-9453DCC7F849}.Debug|Any CPU.ActiveCfg = Debug|Any CPU
		{E3C6EE51-9B98-45DF-9BAE-9453DCC7F849}.Debug|Any CPU.Build.0 = Debug|Any CPU
		{E3C6EE51-9B98-45DF-9BAE-9453DCC7F849}.Debug|x64.ActiveCfg = Debug|Any CPU
		{E3C6EE51-9B98-45DF-9BAE-9453DCC7F849}.Debug|x86.ActiveCfg = Debug|Any CPU
		{E3C6EE51-9B98-45DF-9BAE-9453DCC7F849}.Release|Any CPU.ActiveCfg = Release|Any CPU
		{E3C6EE51-9B98-45DF-9BAE-9453DCC7F849}.Release|Any CPU.Build.0 = Release|Any CPU
		{E3C6EE51-9B98-45DF-9BAE-9453DCC7F849}.Release|x64.ActiveCfg = Release|Any CPU
		{E3C6EE51-9B98-45DF-9BAE-9453DCC7F849}.Release|x86.ActiveCfg = Release|Any CPU
		{E7490CDF-8AAC-41D3-9E4B-2F2B7DDBBA53}.Debug|Any CPU.ActiveCfg = Debug|Any CPU
		{E7490CDF-8AAC-41D3-9E4B-2F2B7DDBBA53}.Debug|Any CPU.Build.0 = Debug|Any CPU
		{E7490CDF-8AAC-41D3-9E4B-2F2B7DDBBA53}.Debug|x64.ActiveCfg = Debug|Any CPU
		{E7490CDF-8AAC-41D3-9E4B-2F2B7DDBBA53}.Debug|x64.Build.0 = Debug|Any CPU
		{E7490CDF-8AAC-41D3-9E4B-2F2B7DDBBA53}.Debug|x86.ActiveCfg = Debug|Any CPU
		{E7490CDF-8AAC-41D3-9E4B-2F2B7DDBBA53}.Debug|x86.Build.0 = Debug|Any CPU
		{E7490CDF-8AAC-41D3-9E4B-2F2B7DDBBA53}.Release|Any CPU.ActiveCfg = Release|Any CPU
		{E7490CDF-8AAC-41D3-9E4B-2F2B7DDBBA53}.Release|Any CPU.Build.0 = Release|Any CPU
		{E7490CDF-8AAC-41D3-9E4B-2F2B7DDBBA53}.Release|x64.ActiveCfg = Release|Any CPU
		{E7490CDF-8AAC-41D3-9E4B-2F2B7DDBBA53}.Release|x64.Build.0 = Release|Any CPU
		{E7490CDF-8AAC-41D3-9E4B-2F2B7DDBBA53}.Release|x86.ActiveCfg = Release|Any CPU
		{E7490CDF-8AAC-41D3-9E4B-2F2B7DDBBA53}.Release|x86.Build.0 = Release|Any CPU
		{2E4B8664-1228-4848-B2F5-7596443DA82D}.Debug|Any CPU.ActiveCfg = Debug|Any CPU
		{2E4B8664-1228-4848-B2F5-7596443DA82D}.Debug|Any CPU.Build.0 = Debug|Any CPU
		{2E4B8664-1228-4848-B2F5-7596443DA82D}.Debug|x64.ActiveCfg = Debug|Any CPU
		{2E4B8664-1228-4848-B2F5-7596443DA82D}.Debug|x64.Build.0 = Debug|Any CPU
		{2E4B8664-1228-4848-B2F5-7596443DA82D}.Debug|x86.ActiveCfg = Debug|Any CPU
		{2E4B8664-1228-4848-B2F5-7596443DA82D}.Debug|x86.Build.0 = Debug|Any CPU
		{2E4B8664-1228-4848-B2F5-7596443DA82D}.Release|Any CPU.ActiveCfg = Release|Any CPU
		{2E4B8664-1228-4848-B2F5-7596443DA82D}.Release|Any CPU.Build.0 = Release|Any CPU
		{2E4B8664-1228-4848-B2F5-7596443DA82D}.Release|x64.ActiveCfg = Release|Any CPU
		{2E4B8664-1228-4848-B2F5-7596443DA82D}.Release|x64.Build.0 = Release|Any CPU
		{2E4B8664-1228-4848-B2F5-7596443DA82D}.Release|x86.ActiveCfg = Release|Any CPU
		{2E4B8664-1228-4848-B2F5-7596443DA82D}.Release|x86.Build.0 = Release|Any CPU
		{6A9B9549-59FF-4446-990C-F9C58AEFF5D5}.Debug|Any CPU.ActiveCfg = Debug|Any CPU
		{6A9B9549-59FF-4446-990C-F9C58AEFF5D5}.Debug|Any CPU.Build.0 = Debug|Any CPU
		{6A9B9549-59FF-4446-990C-F9C58AEFF5D5}.Debug|x64.ActiveCfg = Debug|Any CPU
		{6A9B9549-59FF-4446-990C-F9C58AEFF5D5}.Debug|x64.Build.0 = Debug|Any CPU
		{6A9B9549-59FF-4446-990C-F9C58AEFF5D5}.Debug|x86.ActiveCfg = Debug|Any CPU
		{6A9B9549-59FF-4446-990C-F9C58AEFF5D5}.Debug|x86.Build.0 = Debug|Any CPU
		{6A9B9549-59FF-4446-990C-F9C58AEFF5D5}.Release|Any CPU.ActiveCfg = Release|Any CPU
		{6A9B9549-59FF-4446-990C-F9C58AEFF5D5}.Release|Any CPU.Build.0 = Release|Any CPU
		{6A9B9549-59FF-4446-990C-F9C58AEFF5D5}.Release|x64.ActiveCfg = Release|Any CPU
		{6A9B9549-59FF-4446-990C-F9C58AEFF5D5}.Release|x64.Build.0 = Release|Any CPU
		{6A9B9549-59FF-4446-990C-F9C58AEFF5D5}.Release|x86.ActiveCfg = Release|Any CPU
		{6A9B9549-59FF-4446-990C-F9C58AEFF5D5}.Release|x86.Build.0 = Release|Any CPU
	EndGlobalSection
	GlobalSection(SolutionProperties) = preSolution
		HideSolutionNode = FALSE
	EndGlobalSection
	GlobalSection(ExtensibilityGlobals) = postSolution
		SolutionGuid = {BCC31F35-9890-4D52-87F2-E72ACB495381}
	EndGlobalSection
EndGlobal
