
Microsoft Visual Studio Solution File, Format Version 12.00
# Visual Studio Version 16
VisualStudioVersion = 16.0.28803.452
MinimumVisualStudioVersion = 10.0.40219.1
Project("{9A19103F-16F7-4668-BE54-9A1E7A4F7556}") = "Elffy", "Elffy\Elffy.csproj", "{EFA362D3-EFDB-45B7-85EF-B97F14CDBBDF}"
EndProject
Project("{2150E333-8FDC-42A3-9474-1A3956D46DE8}") = "Solution Items", "Solution Items", "{F0C23712-B088-42EB-8B98-0A78462E16FC}"
	ProjectSection(SolutionItems) = preProject
		.editorconfig = .editorconfig
	EndProjectSection
EndProject
Project("{9A19103F-16F7-4668-BE54-9A1E7A4F7556}") = "Elffy.Imaging", "Elffy.Imaging\Elffy.Imaging.csproj", "{27CDE8D4-324C-45CB-B563-DC9754991998}"
EndProject
Project("{9A19103F-16F7-4668-BE54-9A1E7A4F7556}") = "Sandbox", "Sandbox\Sandbox.csproj", "{03E6C1C9-B4CD-44F4-A50C-EEA272E28586}"
EndProject
Project("{9A19103F-16F7-4668-BE54-9A1E7A4F7556}") = "ElffyResourceCompiler", "ElffyResourceCompiler\ElffyResourceCompiler.csproj", "{23C40496-259C-4978-BF4C-9CA3F6617EA1}"
EndProject
Project("{9A19103F-16F7-4668-BE54-9A1E7A4F7556}") = "UnitTest", "UnitTest\UnitTest.csproj", "{6871FA5F-A591-4E02-B914-43AF5CA7A889}"
EndProject
Project("{9A19103F-16F7-4668-BE54-9A1E7A4F7556}") = "Elffy.Games", "Elffy.Games\Elffy.Games.csproj", "{C37CECC7-A291-4AA1-B1BA-C30ABDC3927D}"
EndProject
Project("{9A19103F-16F7-4668-BE54-9A1E7A4F7556}") = "Elffy.Memory", "Elffy.Memory\Elffy.Memory.csproj", "{96B1EDE5-ACE3-4B24-BFB9-DCFA77F0A9C7}"
EndProject
Project("{9A19103F-16F7-4668-BE54-9A1E7A4F7556}") = "UnitTest.Elffy.Memory", "UnitTest.Elffy.Memory\UnitTest.Elffy.Memory.csproj", "{80E7C609-A702-41C8-84BA-55017D574318}"
EndProject
Project("{9A19103F-16F7-4668-BE54-9A1E7A4F7556}") = "ElffyGenerator", "ElffyGenerator\ElffyGenerator.csproj", "{F6B9CED4-7D06-4BBA-A8BC-B69CD992CD30}"
EndProject
Project("{9A19103F-16F7-4668-BE54-9A1E7A4F7556}") = "Elffy.SimpleKit", "Elffy.SimpleKit\Elffy.SimpleKit.csproj", "{56F40F30-E379-471A-B9A8-F491EB04EDFD}"
EndProject
Project("{FAE04EC0-301F-11D3-BF4B-00C04F79EFBC}") = "ImageSample", "ImageSample\ImageSample.csproj", "{7D4846C6-5FED-495C-A7FF-091F22F30F97}"
EndProject
Global
	GlobalSection(SolutionConfigurationPlatforms) = preSolution
		Debug|Any CPU = Debug|Any CPU
		Debug|x64 = Debug|x64
		Debug|x86 = Debug|x86
		Release|Any CPU = Release|Any CPU
		Release|x64 = Release|x64
		Release|x86 = Release|x86
	EndGlobalSection
	GlobalSection(ProjectConfigurationPlatforms) = postSolution
		{EFA362D3-EFDB-45B7-85EF-B97F14CDBBDF}.Debug|Any CPU.ActiveCfg = Debug|Any CPU
		{EFA362D3-EFDB-45B7-85EF-B97F14CDBBDF}.Debug|Any CPU.Build.0 = Debug|Any CPU
		{EFA362D3-EFDB-45B7-85EF-B97F14CDBBDF}.Debug|x64.ActiveCfg = Debug|Any CPU
		{EFA362D3-EFDB-45B7-85EF-B97F14CDBBDF}.Debug|x64.Build.0 = Debug|Any CPU
		{EFA362D3-EFDB-45B7-85EF-B97F14CDBBDF}.Debug|x86.ActiveCfg = Debug|Any CPU
		{EFA362D3-EFDB-45B7-85EF-B97F14CDBBDF}.Debug|x86.Build.0 = Debug|Any CPU
		{EFA362D3-EFDB-45B7-85EF-B97F14CDBBDF}.Release|Any CPU.ActiveCfg = Release|Any CPU
		{EFA362D3-EFDB-45B7-85EF-B97F14CDBBDF}.Release|Any CPU.Build.0 = Release|Any CPU
		{EFA362D3-EFDB-45B7-85EF-B97F14CDBBDF}.Release|x64.ActiveCfg = Release|Any CPU
		{EFA362D3-EFDB-45B7-85EF-B97F14CDBBDF}.Release|x64.Build.0 = Release|Any CPU
		{EFA362D3-EFDB-45B7-85EF-B97F14CDBBDF}.Release|x86.ActiveCfg = Release|Any CPU
		{EFA362D3-EFDB-45B7-85EF-B97F14CDBBDF}.Release|x86.Build.0 = Release|Any CPU
		{27CDE8D4-324C-45CB-B563-DC9754991998}.Debug|Any CPU.ActiveCfg = Debug|Any CPU
		{27CDE8D4-324C-45CB-B563-DC9754991998}.Debug|Any CPU.Build.0 = Debug|Any CPU
		{27CDE8D4-324C-45CB-B563-DC9754991998}.Debug|x64.ActiveCfg = Debug|Any CPU
		{27CDE8D4-324C-45CB-B563-DC9754991998}.Debug|x64.Build.0 = Debug|Any CPU
		{27CDE8D4-324C-45CB-B563-DC9754991998}.Debug|x86.ActiveCfg = Debug|Any CPU
		{27CDE8D4-324C-45CB-B563-DC9754991998}.Debug|x86.Build.0 = Debug|Any CPU
		{27CDE8D4-324C-45CB-B563-DC9754991998}.Release|Any CPU.ActiveCfg = Release|Any CPU
		{27CDE8D4-324C-45CB-B563-DC9754991998}.Release|Any CPU.Build.0 = Release|Any CPU
		{27CDE8D4-324C-45CB-B563-DC9754991998}.Release|x64.ActiveCfg = Release|Any CPU
		{27CDE8D4-324C-45CB-B563-DC9754991998}.Release|x64.Build.0 = Release|Any CPU
		{27CDE8D4-324C-45CB-B563-DC9754991998}.Release|x86.ActiveCfg = Release|Any CPU
		{27CDE8D4-324C-45CB-B563-DC9754991998}.Release|x86.Build.0 = Release|Any CPU
		{03E6C1C9-B4CD-44F4-A50C-EEA272E28586}.Debug|Any CPU.ActiveCfg = Debug|Any CPU
		{03E6C1C9-B4CD-44F4-A50C-EEA272E28586}.Debug|Any CPU.Build.0 = Debug|Any CPU
		{03E6C1C9-B4CD-44F4-A50C-EEA272E28586}.Debug|x64.ActiveCfg = Debug|Any CPU
		{03E6C1C9-B4CD-44F4-A50C-EEA272E28586}.Debug|x64.Build.0 = Debug|Any CPU
		{03E6C1C9-B4CD-44F4-A50C-EEA272E28586}.Debug|x86.ActiveCfg = Debug|Any CPU
		{03E6C1C9-B4CD-44F4-A50C-EEA272E28586}.Debug|x86.Build.0 = Debug|Any CPU
		{03E6C1C9-B4CD-44F4-A50C-EEA272E28586}.Release|Any CPU.ActiveCfg = Release|Any CPU
		{03E6C1C9-B4CD-44F4-A50C-EEA272E28586}.Release|Any CPU.Build.0 = Release|Any CPU
		{03E6C1C9-B4CD-44F4-A50C-EEA272E28586}.Release|x64.ActiveCfg = Release|Any CPU
		{03E6C1C9-B4CD-44F4-A50C-EEA272E28586}.Release|x64.Build.0 = Release|Any CPU
		{03E6C1C9-B4CD-44F4-A50C-EEA272E28586}.Release|x86.ActiveCfg = Release|Any CPU
		{03E6C1C9-B4CD-44F4-A50C-EEA272E28586}.Release|x86.Build.0 = Release|Any CPU
		{23C40496-259C-4978-BF4C-9CA3F6617EA1}.Debug|Any CPU.ActiveCfg = Debug|Any CPU
		{23C40496-259C-4978-BF4C-9CA3F6617EA1}.Debug|Any CPU.Build.0 = Debug|Any CPU
		{23C40496-259C-4978-BF4C-9CA3F6617EA1}.Debug|x64.ActiveCfg = Debug|Any CPU
		{23C40496-259C-4978-BF4C-9CA3F6617EA1}.Debug|x64.Build.0 = Debug|Any CPU
		{23C40496-259C-4978-BF4C-9CA3F6617EA1}.Debug|x86.ActiveCfg = Debug|Any CPU
		{23C40496-259C-4978-BF4C-9CA3F6617EA1}.Debug|x86.Build.0 = Debug|Any CPU
		{23C40496-259C-4978-BF4C-9CA3F6617EA1}.Release|Any CPU.ActiveCfg = Release|Any CPU
		{23C40496-259C-4978-BF4C-9CA3F6617EA1}.Release|Any CPU.Build.0 = Release|Any CPU
		{23C40496-259C-4978-BF4C-9CA3F6617EA1}.Release|x64.ActiveCfg = Release|Any CPU
		{23C40496-259C-4978-BF4C-9CA3F6617EA1}.Release|x64.Build.0 = Release|Any CPU
		{23C40496-259C-4978-BF4C-9CA3F6617EA1}.Release|x86.ActiveCfg = Release|Any CPU
		{23C40496-259C-4978-BF4C-9CA3F6617EA1}.Release|x86.Build.0 = Release|Any CPU
		{6871FA5F-A591-4E02-B914-43AF5CA7A889}.Debug|Any CPU.ActiveCfg = Debug|Any CPU
		{6871FA5F-A591-4E02-B914-43AF5CA7A889}.Debug|Any CPU.Build.0 = Debug|Any CPU
		{6871FA5F-A591-4E02-B914-43AF5CA7A889}.Debug|x64.ActiveCfg = Debug|Any CPU
		{6871FA5F-A591-4E02-B914-43AF5CA7A889}.Debug|x64.Build.0 = Debug|Any CPU
		{6871FA5F-A591-4E02-B914-43AF5CA7A889}.Debug|x86.ActiveCfg = Debug|Any CPU
		{6871FA5F-A591-4E02-B914-43AF5CA7A889}.Debug|x86.Build.0 = Debug|Any CPU
		{6871FA5F-A591-4E02-B914-43AF5CA7A889}.Release|Any CPU.ActiveCfg = Release|Any CPU
		{6871FA5F-A591-4E02-B914-43AF5CA7A889}.Release|Any CPU.Build.0 = Release|Any CPU
		{6871FA5F-A591-4E02-B914-43AF5CA7A889}.Release|x64.ActiveCfg = Release|Any CPU
		{6871FA5F-A591-4E02-B914-43AF5CA7A889}.Release|x64.Build.0 = Release|Any CPU
		{6871FA5F-A591-4E02-B914-43AF5CA7A889}.Release|x86.ActiveCfg = Release|Any CPU
		{6871FA5F-A591-4E02-B914-43AF5CA7A889}.Release|x86.Build.0 = Release|Any CPU
		{C37CECC7-A291-4AA1-B1BA-C30ABDC3927D}.Debug|Any CPU.ActiveCfg = Debug|Any CPU
		{C37CECC7-A291-4AA1-B1BA-C30ABDC3927D}.Debug|Any CPU.Build.0 = Debug|Any CPU
		{C37CECC7-A291-4AA1-B1BA-C30ABDC3927D}.Debug|x64.ActiveCfg = Debug|Any CPU
		{C37CECC7-A291-4AA1-B1BA-C30ABDC3927D}.Debug|x64.Build.0 = Debug|Any CPU
		{C37CECC7-A291-4AA1-B1BA-C30ABDC3927D}.Debug|x86.ActiveCfg = Debug|Any CPU
		{C37CECC7-A291-4AA1-B1BA-C30ABDC3927D}.Debug|x86.Build.0 = Debug|Any CPU
		{C37CECC7-A291-4AA1-B1BA-C30ABDC3927D}.Release|Any CPU.ActiveCfg = Release|Any CPU
		{C37CECC7-A291-4AA1-B1BA-C30ABDC3927D}.Release|Any CPU.Build.0 = Release|Any CPU
		{C37CECC7-A291-4AA1-B1BA-C30ABDC3927D}.Release|x64.ActiveCfg = Release|Any CPU
		{C37CECC7-A291-4AA1-B1BA-C30ABDC3927D}.Release|x64.Build.0 = Release|Any CPU
		{C37CECC7-A291-4AA1-B1BA-C30ABDC3927D}.Release|x86.ActiveCfg = Release|Any CPU
		{C37CECC7-A291-4AA1-B1BA-C30ABDC3927D}.Release|x86.Build.0 = Release|Any CPU
		{96B1EDE5-ACE3-4B24-BFB9-DCFA77F0A9C7}.Debug|Any CPU.ActiveCfg = Debug|Any CPU
		{96B1EDE5-ACE3-4B24-BFB9-DCFA77F0A9C7}.Debug|Any CPU.Build.0 = Debug|Any CPU
		{96B1EDE5-ACE3-4B24-BFB9-DCFA77F0A9C7}.Debug|x64.ActiveCfg = Debug|Any CPU
		{96B1EDE5-ACE3-4B24-BFB9-DCFA77F0A9C7}.Debug|x64.Build.0 = Debug|Any CPU
		{96B1EDE5-ACE3-4B24-BFB9-DCFA77F0A9C7}.Debug|x86.ActiveCfg = Debug|Any CPU
		{96B1EDE5-ACE3-4B24-BFB9-DCFA77F0A9C7}.Debug|x86.Build.0 = Debug|Any CPU
		{96B1EDE5-ACE3-4B24-BFB9-DCFA77F0A9C7}.Release|Any CPU.ActiveCfg = Release|Any CPU
		{96B1EDE5-ACE3-4B24-BFB9-DCFA77F0A9C7}.Release|Any CPU.Build.0 = Release|Any CPU
		{96B1EDE5-ACE3-4B24-BFB9-DCFA77F0A9C7}.Release|x64.ActiveCfg = Release|Any CPU
		{96B1EDE5-ACE3-4B24-BFB9-DCFA77F0A9C7}.Release|x64.Build.0 = Release|Any CPU
		{96B1EDE5-ACE3-4B24-BFB9-DCFA77F0A9C7}.Release|x86.ActiveCfg = Release|Any CPU
		{96B1EDE5-ACE3-4B24-BFB9-DCFA77F0A9C7}.Release|x86.Build.0 = Release|Any CPU
		{80E7C609-A702-41C8-84BA-55017D574318}.Debug|Any CPU.ActiveCfg = Debug|Any CPU
		{80E7C609-A702-41C8-84BA-55017D574318}.Debug|Any CPU.Build.0 = Debug|Any CPU
		{80E7C609-A702-41C8-84BA-55017D574318}.Debug|x64.ActiveCfg = Debug|Any CPU
		{80E7C609-A702-41C8-84BA-55017D574318}.Debug|x64.Build.0 = Debug|Any CPU
		{80E7C609-A702-41C8-84BA-55017D574318}.Debug|x86.ActiveCfg = Debug|Any CPU
		{80E7C609-A702-41C8-84BA-55017D574318}.Debug|x86.Build.0 = Debug|Any CPU
		{80E7C609-A702-41C8-84BA-55017D574318}.Release|Any CPU.ActiveCfg = Release|Any CPU
		{80E7C609-A702-41C8-84BA-55017D574318}.Release|Any CPU.Build.0 = Release|Any CPU
		{80E7C609-A702-41C8-84BA-55017D574318}.Release|x64.ActiveCfg = Release|Any CPU
		{80E7C609-A702-41C8-84BA-55017D574318}.Release|x64.Build.0 = Release|Any CPU
		{80E7C609-A702-41C8-84BA-55017D574318}.Release|x86.ActiveCfg = Release|Any CPU
		{80E7C609-A702-41C8-84BA-55017D574318}.Release|x86.Build.0 = Release|Any CPU
		{F6B9CED4-7D06-4BBA-A8BC-B69CD992CD30}.Debug|Any CPU.ActiveCfg = Debug|Any CPU
		{F6B9CED4-7D06-4BBA-A8BC-B69CD992CD30}.Debug|Any CPU.Build.0 = Debug|Any CPU
		{F6B9CED4-7D06-4BBA-A8BC-B69CD992CD30}.Debug|x64.ActiveCfg = Debug|Any CPU
		{F6B9CED4-7D06-4BBA-A8BC-B69CD992CD30}.Debug|x64.Build.0 = Debug|Any CPU
		{F6B9CED4-7D06-4BBA-A8BC-B69CD992CD30}.Debug|x86.ActiveCfg = Debug|Any CPU
		{F6B9CED4-7D06-4BBA-A8BC-B69CD992CD30}.Debug|x86.Build.0 = Debug|Any CPU
		{F6B9CED4-7D06-4BBA-A8BC-B69CD992CD30}.Release|Any CPU.ActiveCfg = Release|Any CPU
		{F6B9CED4-7D06-4BBA-A8BC-B69CD992CD30}.Release|Any CPU.Build.0 = Release|Any CPU
		{F6B9CED4-7D06-4BBA-A8BC-B69CD992CD30}.Release|x64.ActiveCfg = Release|Any CPU
		{F6B9CED4-7D06-4BBA-A8BC-B69CD992CD30}.Release|x64.Build.0 = Release|Any CPU
		{F6B9CED4-7D06-4BBA-A8BC-B69CD992CD30}.Release|x86.ActiveCfg = Release|Any CPU
		{F6B9CED4-7D06-4BBA-A8BC-B69CD992CD30}.Release|x86.Build.0 = Release|Any CPU
		{56F40F30-E379-471A-B9A8-F491EB04EDFD}.Debug|Any CPU.ActiveCfg = Debug|Any CPU
		{56F40F30-E379-471A-B9A8-F491EB04EDFD}.Debug|Any CPU.Build.0 = Debug|Any CPU
		{56F40F30-E379-471A-B9A8-F491EB04EDFD}.Debug|x64.ActiveCfg = Debug|Any CPU
		{56F40F30-E379-471A-B9A8-F491EB04EDFD}.Debug|x64.Build.0 = Debug|Any CPU
		{56F40F30-E379-471A-B9A8-F491EB04EDFD}.Debug|x86.ActiveCfg = Debug|Any CPU
		{56F40F30-E379-471A-B9A8-F491EB04EDFD}.Debug|x86.Build.0 = Debug|Any CPU
		{56F40F30-E379-471A-B9A8-F491EB04EDFD}.Release|Any CPU.ActiveCfg = Release|Any CPU
		{56F40F30-E379-471A-B9A8-F491EB04EDFD}.Release|Any CPU.Build.0 = Release|Any CPU
		{56F40F30-E379-471A-B9A8-F491EB04EDFD}.Release|x64.ActiveCfg = Release|Any CPU
		{56F40F30-E379-471A-B9A8-F491EB04EDFD}.Release|x64.Build.0 = Release|Any CPU
		{56F40F30-E379-471A-B9A8-F491EB04EDFD}.Release|x86.ActiveCfg = Release|Any CPU
		{56F40F30-E379-471A-B9A8-F491EB04EDFD}.Release|x86.Build.0 = Release|Any CPU
		{7D4846C6-5FED-495C-A7FF-091F22F30F97}.Debug|Any CPU.ActiveCfg = Debug|Any CPU
		{7D4846C6-5FED-495C-A7FF-091F22F30F97}.Debug|Any CPU.Build.0 = Debug|Any CPU
		{7D4846C6-5FED-495C-A7FF-091F22F30F97}.Debug|x64.ActiveCfg = Debug|Any CPU
		{7D4846C6-5FED-495C-A7FF-091F22F30F97}.Debug|x64.Build.0 = Debug|Any CPU
		{7D4846C6-5FED-495C-A7FF-091F22F30F97}.Debug|x86.ActiveCfg = Debug|Any CPU
		{7D4846C6-5FED-495C-A7FF-091F22F30F97}.Debug|x86.Build.0 = Debug|Any CPU
		{7D4846C6-5FED-495C-A7FF-091F22F30F97}.Release|Any CPU.ActiveCfg = Release|Any CPU
		{7D4846C6-5FED-495C-A7FF-091F22F30F97}.Release|Any CPU.Build.0 = Release|Any CPU
		{7D4846C6-5FED-495C-A7FF-091F22F30F97}.Release|x64.ActiveCfg = Release|Any CPU
		{7D4846C6-5FED-495C-A7FF-091F22F30F97}.Release|x64.Build.0 = Release|Any CPU
		{7D4846C6-5FED-495C-A7FF-091F22F30F97}.Release|x86.ActiveCfg = Release|Any CPU
		{7D4846C6-5FED-495C-A7FF-091F22F30F97}.Release|x86.Build.0 = Release|Any CPU
	EndGlobalSection
	GlobalSection(SolutionProperties) = preSolution
		HideSolutionNode = FALSE
	EndGlobalSection
	GlobalSection(ExtensibilityGlobals) = postSolution
		SolutionGuid = {BCC31F35-9890-4D52-87F2-E72ACB495381}
	EndGlobalSection
EndGlobal
